
Microsoft Visual Studio Solution File, Format Version 12.00
# Visual Studio Version 17
VisualStudioVersion = 17.0.32112.339
MinimumVisualStudioVersion = 10.0.40219.1
Project("{FAE04EC0-301F-11D3-BF4B-00C04F79EFBC}") = "DataPacketViewer", "DataPacketViewer\DataPacketViewer.csproj", "{05EFE859-1392-42AB-A772-8C1FFA295480}"
EndProject
Global
	GlobalSection(SolutionConfigurationPlatforms) = preSolution
		Debug|Any CPU = Debug|Any CPU
		Release|Any CPU = Release|Any CPU
	EndGlobalSection
	GlobalSection(ProjectConfigurationPlatforms) = postSolution
		{05EFE859-1392-42AB-A772-8C1FFA295480}.Debug|Any CPU.ActiveCfg = Debug|Any CPU
		{05EFE859-1392-42AB-A772-8C1FFA295480}.Debug|Any CPU.Build.0 = Debug|Any CPU
		{05EFE859-1392-42AB-A772-8C1FFA295480}.Release|Any CPU.ActiveCfg = Release|Any CPU
		{05EFE859-1392-42AB-A772-8C1FFA295480}.Release|Any CPU.Build.0 = Release|Any CPU
	EndGlobalSection
	GlobalSection(SolutionProperties) = preSolution
		HideSolutionNode = FALSE
	EndGlobalSection
	GlobalSection(ExtensibilityGlobals) = postSolution
		SolutionGuid = {8AF33C3C-082B-49BE-8022-A42069BE0FF9}
	EndGlobalSection
EndGlobal
